
Microsoft Visual Studio Solution File, Format Version 12.00
# Visual Studio Version 17
VisualStudioVersion = 17.6.33829.357
MinimumVisualStudioVersion = 10.0.40219.1
Project("{FAE04EC0-301F-11D3-BF4B-00C04F79EFBC}") = "collision detection", "collision detection.csproj", "{212BE0C0-8420-44B1-89FD-1F57D788F340}"
EndProject
Global
	GlobalSection(SolutionConfigurationPlatforms) = preSolution
		Debug|Any CPU = Debug|Any CPU
		Release|Any CPU = Release|Any CPU
	EndGlobalSection
	GlobalSection(ProjectConfigurationPlatforms) = postSolution
		{212BE0C0-8420-44B1-89FD-1F57D788F340}.Debug|Any CPU.ActiveCfg = Debug|Any CPU
		{212BE0C0-8420-44B1-89FD-1F57D788F340}.Debug|Any CPU.Build.0 = Debug|Any CPU
		{212BE0C0-8420-44B1-89FD-1F57D788F340}.Release|Any CPU.ActiveCfg = Release|Any CPU
		{212BE0C0-8420-44B1-89FD-1F57D788F340}.Release|Any CPU.Build.0 = Release|Any CPU
	EndGlobalSection
	GlobalSection(SolutionProperties) = preSolution
		HideSolutionNode = FALSE
	EndGlobalSection
	GlobalSection(ExtensibilityGlobals) = postSolution
		SolutionGuid = {04308440-C84E-4AF3-A0F9-4909840A4A63}
	EndGlobalSection
EndGlobal
