
Microsoft Visual Studio Solution File, Format Version 12.00
# Visual Studio Version 17
VisualStudioVersion = 17.6.33829.357
MinimumVisualStudioVersion = 10.0.40219.1
Project("{FAE04EC0-301F-11D3-BF4B-00C04F79EFBC}") = "flappy bird", "flappy bird.csproj", "{DF639AC6-0AF0-4ED9-BD86-4098D4E51A73}"
EndProject
Global
	GlobalSection(SolutionConfigurationPlatforms) = preSolution
		Debug|Any CPU = Debug|Any CPU
		Release|Any CPU = Release|Any CPU
	EndGlobalSection
	GlobalSection(ProjectConfigurationPlatforms) = postSolution
		{DF639AC6-0AF0-4ED9-BD86-4098D4E51A73}.Debug|Any CPU.ActiveCfg = Debug|Any CPU
		{DF639AC6-0AF0-4ED9-BD86-4098D4E51A73}.Debug|Any CPU.Build.0 = Debug|Any CPU
		{DF639AC6-0AF0-4ED9-BD86-4098D4E51A73}.Release|Any CPU.ActiveCfg = Release|Any CPU
		{DF639AC6-0AF0-4ED9-BD86-4098D4E51A73}.Release|Any CPU.Build.0 = Release|Any CPU
	EndGlobalSection
	GlobalSection(SolutionProperties) = preSolution
		HideSolutionNode = FALSE
	EndGlobalSection
	GlobalSection(ExtensibilityGlobals) = postSolution
		SolutionGuid = {A3F27094-C852-4490-9688-6E9DDAD5AADB}
	EndGlobalSection
EndGlobal
